
Microsoft Visual Studio Solution File, Format Version 11.00
# Visual Studio 2010
Project("{FAE04EC0-301F-11D3-BF4B-00C04F79EFBC}") = "MessagePipe", "MessagePipe.csproj", "{a9ac1fe7-fc8f-6cde-1437-c850a1f8261b}"
EndProject
Project("{FAE04EC0-301F-11D3-BF4B-00C04F79EFBC}") = "UniTask.Linq", "UniTask.Linq.csproj", "{7eb47126-2dbd-eb9c-8ff1-4b535172f322}"
EndProject
Project("{FAE04EC0-301F-11D3-BF4B-00C04F79EFBC}") = "UniTask", "UniTask.csproj", "{d62ba6ad-6b71-534a-f4c0-024240bae45c}"
EndProject
Project("{FAE04EC0-301F-11D3-BF4B-00C04F79EFBC}") = "Assembly-CSharp", "Assembly-CSharp.csproj", "{8bd32b7c-b5ec-f763-e7e9-37c4b6c59285}"
EndProject
Project("{FAE04EC0-301F-11D3-BF4B-00C04F79EFBC}") = "Assembly-CSharp-firstpass", "Assembly-CSharp-firstpass.csproj", "{49b7ce5a-0015-c77c-ede3-855336496f47}"
EndProject
Project("{FAE04EC0-301F-11D3-BF4B-00C04F79EFBC}") = "UniTask.Addressables", "UniTask.Addressables.csproj", "{56da0152-b04f-1972-c993-ef1f502ab10c}"
EndProject
Project("{FAE04EC0-301F-11D3-BF4B-00C04F79EFBC}") = "MessagePipe.Editor", "MessagePipe.Editor.csproj", "{6a31ded1-f830-4631-c7bb-bf09fa3eccc0}"
EndProject
Project("{FAE04EC0-301F-11D3-BF4B-00C04F79EFBC}") = "UniTask.TextMeshPro", "UniTask.TextMeshPro.csproj", "{a442f484-3eda-9b19-cc71-bbae2fc32395}"
EndProject
Project("{FAE04EC0-301F-11D3-BF4B-00C04F79EFBC}") = "MessagePipe.VContainer", "MessagePipe.VContainer.csproj", "{bdd12d74-4ef2-d1fb-7a94-e8d581972dc1}"
EndProject
Project("{FAE04EC0-301F-11D3-BF4B-00C04F79EFBC}") = "UniTask.DOTween", "UniTask.DOTween.csproj", "{b69feef5-ecca-c495-6736-a7d0cd473a98}"
EndProject
Project("{FAE04EC0-301F-11D3-BF4B-00C04F79EFBC}") = "UniTask.Editor", "UniTask.Editor.csproj", "{e37232f4-a7ad-83d6-3b37-6e416f1311a6}"
EndProject
Project("{FAE04EC0-301F-11D3-BF4B-00C04F79EFBC}") = "Assembly-CSharp-Editor-firstpass", "Assembly-CSharp-Editor-firstpass.csproj", "{d812e5ae-504f-3b75-6eef-60a465311de1}"
EndProject
Global
	GlobalSection(SolutionConfigurationPlatforms) = preSolution
		Debug|Any CPU = Debug|Any CPU
	EndGlobalSection
	GlobalSection(ProjectConfigurationPlatforms) = postSolution
		{a9ac1fe7-fc8f-6cde-1437-c850a1f8261b}.Debug|Any CPU.ActiveCfg = Debug|Any CPU
		{a9ac1fe7-fc8f-6cde-1437-c850a1f8261b}.Debug|Any CPU.Build.0 = Debug|Any CPU
		{7eb47126-2dbd-eb9c-8ff1-4b535172f322}.Debug|Any CPU.ActiveCfg = Debug|Any CPU
		{7eb47126-2dbd-eb9c-8ff1-4b535172f322}.Debug|Any CPU.Build.0 = Debug|Any CPU
		{d62ba6ad-6b71-534a-f4c0-024240bae45c}.Debug|Any CPU.ActiveCfg = Debug|Any CPU
		{d62ba6ad-6b71-534a-f4c0-024240bae45c}.Debug|Any CPU.Build.0 = Debug|Any CPU
		{8bd32b7c-b5ec-f763-e7e9-37c4b6c59285}.Debug|Any CPU.ActiveCfg = Debug|Any CPU
		{8bd32b7c-b5ec-f763-e7e9-37c4b6c59285}.Debug|Any CPU.Build.0 = Debug|Any CPU
		{49b7ce5a-0015-c77c-ede3-855336496f47}.Debug|Any CPU.ActiveCfg = Debug|Any CPU
		{49b7ce5a-0015-c77c-ede3-855336496f47}.Debug|Any CPU.Build.0 = Debug|Any CPU
		{56da0152-b04f-1972-c993-ef1f502ab10c}.Debug|Any CPU.ActiveCfg = Debug|Any CPU
		{56da0152-b04f-1972-c993-ef1f502ab10c}.Debug|Any CPU.Build.0 = Debug|Any CPU
		{6a31ded1-f830-4631-c7bb-bf09fa3eccc0}.Debug|Any CPU.ActiveCfg = Debug|Any CPU
		{6a31ded1-f830-4631-c7bb-bf09fa3eccc0}.Debug|Any CPU.Build.0 = Debug|Any CPU
		{a442f484-3eda-9b19-cc71-bbae2fc32395}.Debug|Any CPU.ActiveCfg = Debug|Any CPU
		{a442f484-3eda-9b19-cc71-bbae2fc32395}.Debug|Any CPU.Build.0 = Debug|Any CPU
		{bdd12d74-4ef2-d1fb-7a94-e8d581972dc1}.Debug|Any CPU.ActiveCfg = Debug|Any CPU
		{bdd12d74-4ef2-d1fb-7a94-e8d581972dc1}.Debug|Any CPU.Build.0 = Debug|Any CPU
		{b69feef5-ecca-c495-6736-a7d0cd473a98}.Debug|Any CPU.ActiveCfg = Debug|Any CPU
		{b69feef5-ecca-c495-6736-a7d0cd473a98}.Debug|Any CPU.Build.0 = Debug|Any CPU
		{e37232f4-a7ad-83d6-3b37-6e416f1311a6}.Debug|Any CPU.ActiveCfg = Debug|Any CPU
		{e37232f4-a7ad-83d6-3b37-6e416f1311a6}.Debug|Any CPU.Build.0 = Debug|Any CPU
		{d812e5ae-504f-3b75-6eef-60a465311de1}.Debug|Any CPU.ActiveCfg = Debug|Any CPU
		{d812e5ae-504f-3b75-6eef-60a465311de1}.Debug|Any CPU.Build.0 = Debug|Any CPU
	EndGlobalSection
	GlobalSection(SolutionProperties) = preSolution
		HideSolutionNode = FALSE
	EndGlobalSection
EndGlobal
